// !$*UTF8*$!
{
	archiveVersion = 1;
	classes = {
	};
	objectVersion = 56;
	objects = {

/* Begin PBXBuildFile section */
		5CD7DE7E293EF6070055DA95 /* AppDelegate.swift in Sources */ = {isa = PBXBuildFile; fileRef = 5CD7DE7D293EF6070055DA95 /* AppDelegate.swift */; };
		5CD7DE80293EF6070055DA95 /* SceneDelegate.swift in Sources */ = {isa = PBXBuildFile; fileRef = 5CD7DE7F293EF6070055DA95 /* SceneDelegate.swift */; };
		5CD7DE82293EF6070055DA95 /* ViewController.swift in Sources */ = {isa = PBXBuildFile; fileRef = 5CD7DE81293EF6070055DA95 /* ViewController.swift */; };
		5CD7DE87293EF6090055DA95 /* Assets.xcassets in Resources */ = {isa = PBXBuildFile; fileRef = 5CD7DE86293EF6090055DA95 /* Assets.xcassets */; };
		5CD7DE8A293EF6090055DA95 /* LaunchScreen.storyboard in Resources */ = {isa = PBXBuildFile; fileRef = 5CD7DE88293EF6090055DA95 /* LaunchScreen.storyboard */; };
		5CD7DE92293F52620055DA95 /* CandleDataResponse.swift in Sources */ = {isa = PBXBuildFile; fileRef = 5CD7DE91293F52610055DA95 /* CandleDataResponse.swift */; };
		5CD7DE95293F52A70055DA95 /* NetworkManager.swift in Sources */ = {isa = PBXBuildFile; fileRef = 5CD7DE94293F52A70055DA95 /* NetworkManager.swift */; };
		5CD7DE97293F9C420055DA95 /* SourceProtocol.swift in Sources */ = {isa = PBXBuildFile; fileRef = 5CD7DE96293F9C420055DA95 /* SourceProtocol.swift */; };
		5CD7DE99293F9C660055DA95 /* CandleStickSource.swift in Sources */ = {isa = PBXBuildFile; fileRef = 5CD7DE98293F9C660055DA95 /* CandleStickSource.swift */; };
/* End PBXBuildFile section */

/* Begin PBXFileReference section */
		5CD7DE7A293EF6070055DA95 /* Stocks App Replica with MVP.app */ = {isa = PBXFileReference; explicitFileType = wrapper.application; includeInIndex = 0; path = "Stocks App Replica with MVP.app"; sourceTree = BUILT_PRODUCTS_DIR; };
		5CD7DE7D293EF6070055DA95 /* AppDelegate.swift */ = {isa = PBXFileReference; lastKnownFileType = sourcecode.swift; path = AppDelegate.swift; sourceTree = "<group>"; };
		5CD7DE7F293EF6070055DA95 /* SceneDelegate.swift */ = {isa = PBXFileReference; lastKnownFileType = sourcecode.swift; path = SceneDelegate.swift; sourceTree = "<group>"; };
		5CD7DE81293EF6070055DA95 /* ViewController.swift */ = {isa = PBXFileReference; lastKnownFileType = sourcecode.swift; path = ViewController.swift; sourceTree = "<group>"; };
		5CD7DE86293EF6090055DA95 /* Assets.xcassets */ = {isa = PBXFileReference; lastKnownFileType = folder.assetcatalog; path = Assets.xcassets; sourceTree = "<group>"; };
		5CD7DE89293EF6090055DA95 /* Base */ = {isa = PBXFileReference; lastKnownFileType = file.storyboard; name = Base; path = Base.lproj/LaunchScreen.storyboard; sourceTree = "<group>"; };
		5CD7DE8B293EF6090055DA95 /* Info.plist */ = {isa = PBXFileReference; lastKnownFileType = text.plist.xml; path = Info.plist; sourceTree = "<group>"; };
		5CD7DE91293F52610055DA95 /* CandleDataResponse.swift */ = {isa = PBXFileReference; lastKnownFileType = sourcecode.swift; path = CandleDataResponse.swift; sourceTree = "<group>"; };
		5CD7DE94293F52A70055DA95 /* NetworkManager.swift */ = {isa = PBXFileReference; lastKnownFileType = sourcecode.swift; path = NetworkManager.swift; sourceTree = "<group>"; };
		5CD7DE96293F9C420055DA95 /* SourceProtocol.swift */ = {isa = PBXFileReference; lastKnownFileType = sourcecode.swift; path = SourceProtocol.swift; sourceTree = "<group>"; };
		5CD7DE98293F9C660055DA95 /* CandleStickSource.swift */ = {isa = PBXFileReference; lastKnownFileType = sourcecode.swift; path = CandleStickSource.swift; sourceTree = "<group>"; };
/* End PBXFileReference section */

/* Begin PBXFrameworksBuildPhase section */
		5CD7DE77293EF6070055DA95 /* Frameworks */ = {
			isa = PBXFrameworksBuildPhase;
			buildActionMask = 2147483647;
			files = (
			);
			runOnlyForDeploymentPostprocessing = 0;
		};
/* End PBXFrameworksBuildPhase section */

/* Begin PBXGroup section */
		5CD7DE71293EF6070055DA95 = {
			isa = PBXGroup;
			children = (
				5CD7DE7C293EF6070055DA95 /* Stocks App Replica with MVP */,
				5CD7DE7B293EF6070055DA95 /* Products */,
			);
			sourceTree = "<group>";
		};
		5CD7DE7B293EF6070055DA95 /* Products */ = {
			isa = PBXGroup;
			children = (
				5CD7DE7A293EF6070055DA95 /* Stocks App Replica with MVP.app */,
			);
			name = Products;
			sourceTree = "<group>";
		};
		5CD7DE7C293EF6070055DA95 /* Stocks App Replica with MVP */ = {
			isa = PBXGroup;
			children = (
				5CD7DE7D293EF6070055DA95 /* AppDelegate.swift */,
				5CD7DE7F293EF6070055DA95 /* SceneDelegate.swift */,
				5CD7DE81293EF6070055DA95 /* ViewController.swift */,
				5CD7DE94293F52A70055DA95 /* NetworkManager.swift */,
				5CD7DE96293F9C420055DA95 /* SourceProtocol.swift */,
				5CD7DE98293F9C660055DA95 /* CandleStickSource.swift */,
				5CD7DE93293F52890055DA95 /* Model */,
				5CD7DE86293EF6090055DA95 /* Assets.xcassets */,
				5CD7DE88293EF6090055DA95 /* LaunchScreen.storyboard */,
				5CD7DE8B293EF6090055DA95 /* Info.plist */,
			);
			path = "Stocks App Replica with MVP";
			sourceTree = "<group>";
		};
		5CD7DE93293F52890055DA95 /* Model */ = {
			isa = PBXGroup;
			children = (
				5CD7DE91293F52610055DA95 /* CandleDataResponse.swift */,
			);
			path = Model;
			sourceTree = "<group>";
		};
/* End PBXGroup section */

/* Begin PBXNativeTarget section */
		5CD7DE79293EF6070055DA95 /* Stocks App Replica with MVP */ = {
			isa = PBXNativeTarget;
			buildConfigurationList = 5CD7DE8E293EF6090055DA95 /* Build configuration list for PBXNativeTarget "Stocks App Replica with MVP" */;
			buildPhases = (
				5CD7DE76293EF6070055DA95 /* Sources */,
				5CD7DE77293EF6070055DA95 /* Frameworks */,
				5CD7DE78293EF6070055DA95 /* Resources */,
			);
			buildRules = (
			);
			dependencies = (
			);
			name = "Stocks App Replica with MVP";
			productName = "Stocks App Replica with MVP";
			productReference = 5CD7DE7A293EF6070055DA95 /* Stocks App Replica with MVP.app */;
			productType = "com.apple.product-type.application";
		};
/* End PBXNativeTarget section */

/* Begin PBXProject section */
		5CD7DE72293EF6070055DA95 /* Project object */ = {
			isa = PBXProject;
			attributes = {
				BuildIndependentTargetsInParallel = 1;
				LastSwiftUpdateCheck = 1410;
				LastUpgradeCheck = 1410;
				TargetAttributes = {
					5CD7DE79293EF6070055DA95 = {
						CreatedOnToolsVersion = 14.1;
					};
				};
			};
			buildConfigurationList = 5CD7DE75293EF6070055DA95 /* Build configuration list for PBXProject "Stocks App Replica with MVP" */;
			compatibilityVersion = "Xcode 14.0";
			developmentRegion = en;
			hasScannedForEncodings = 0;
			knownRegions = (
				en,
				Base,
			);
			mainGroup = 5CD7DE71293EF6070055DA95;
			productRefGroup = 5CD7DE7B293EF6070055DA95 /* Products */;
			projectDirPath = "";
			projectRoot = "";
			targets = (
				5CD7DE79293EF6070055DA95 /* Stocks App Replica with MVP */,
			);
		};
/* End PBXProject section */

/* Begin PBXResourcesBuildPhase section */
		5CD7DE78293EF6070055DA95 /* Resources */ = {
			isa = PBXResourcesBuildPhase;
			buildActionMask = 2147483647;
			files = (
				5CD7DE8A293EF6090055DA95 /* LaunchScreen.storyboard in Resources */,
				5CD7DE87293EF6090055DA95 /* Assets.xcassets in Resources */,
			);
			runOnlyForDeploymentPostprocessing = 0;
		};
/* End PBXResourcesBuildPhase section */

/* Begin PBXSourcesBuildPhase section */
		5CD7DE76293EF6070055DA95 /* Sources */ = {
			isa = PBXSourcesBuildPhase;
			buildActionMask = 2147483647;
			files = (
				5CD7DE82293EF6070055DA95 /* ViewController.swift in Sources */,
				5CD7DE7E293EF6070055DA95 /* AppDelegate.swift in Sources */,
				5CD7DE97293F9C420055DA95 /* SourceProtocol.swift in Sources */,
				5CD7DE95293F52A70055DA95 /* NetworkManager.swift in Sources */,
				5CD7DE80293EF6070055DA95 /* SceneDelegate.swift in Sources */,
				5CD7DE92293F52620055DA95 /* CandleDataResponse.swift in Sources */,
				5CD7DE99293F9C660055DA95 /* CandleStickSource.swift in Sources */,
			);
			runOnlyForDeploymentPostprocessing = 0;
		};
/* End PBXSourcesBuildPhase section */

/* Begin PBXVariantGroup section */
		5CD7DE88293EF6090055DA95 /* LaunchScreen.storyboard */ = {
			isa = PBXVariantGroup;
			children = (
				5CD7DE89293EF6090055DA95 /* Base */,
			);
			name = LaunchScreen.storyboard;
			sourceTree = "<group>";
		};
/* End PBXVariantGroup section */

/* Begin XCBuildConfiguration section */
		5CD7DE8C293EF6090055DA95 /* Debug */ = {
			isa = XCBuildConfiguration;
			buildSettings = {
				ALWAYS_SEARCH_USER_PATHS = NO;
				CLANG_ANALYZER_NONNULL = YES;
				CLANG_ANALYZER_NUMBER_OBJECT_CONVERSION = YES_AGGRESSIVE;
				CLANG_CXX_LANGUAGE_STANDARD = "gnu++20";
				CLANG_ENABLE_MODULES = YES;
				CLANG_ENABLE_OBJC_ARC = YES;
				CLANG_ENABLE_OBJC_WEAK = YES;
				CLANG_WARN_BLOCK_CAPTURE_AUTORELEASING = YES;
				CLANG_WARN_BOOL_CONVERSION = YES;
				CLANG_WARN_COMMA = YES;
				CLANG_WARN_CONSTANT_CONVERSION = YES;
				CLANG_WARN_DEPRECATED_OBJC_IMPLEMENTATIONS = YES;
				CLANG_WARN_DIRECT_OBJC_ISA_USAGE = YES_ERROR;
				CLANG_WARN_DOCUMENTATION_COMMENTS = YES;
				CLANG_WARN_EMPTY_BODY = YES;
				CLANG_WARN_ENUM_CONVERSION = YES;
				CLANG_WARN_INFINITE_RECURSION = YES;
				CLANG_WARN_INT_CONVERSION = YES;
				CLANG_WARN_NON_LITERAL_NULL_CONVERSION = YES;
				CLANG_WARN_OBJC_IMPLICIT_RETAIN_SELF = YES;
				CLANG_WARN_OBJC_LITERAL_CONVERSION = YES;
				CLANG_WARN_OBJC_ROOT_CLASS = YES_ERROR;
				CLANG_WARN_QUOTED_INCLUDE_IN_FRAMEWORK_HEADER = YES;
				CLANG_WARN_RANGE_LOOP_ANALYSIS = YES;
				CLANG_WARN_STRICT_PROTOTYPES = YES;
				CLANG_WARN_SUSPICIOUS_MOVE = YES;
				CLANG_WARN_UNGUARDED_AVAILABILITY = YES_AGGRESSIVE;
				CLANG_WARN_UNREACHABLE_CODE = YES;
				CLANG_WARN__DUPLICATE_METHOD_MATCH = YES;
				COPY_PHASE_STRIP = NO;
				DEBUG_INFORMATION_FORMAT = dwarf;
				ENABLE_STRICT_OBJC_MSGSEND = YES;
				ENABLE_TESTABILITY = YES;
				GCC_C_LANGUAGE_STANDARD = gnu11;
				GCC_DYNAMIC_NO_PIC = NO;
				GCC_NO_COMMON_BLOCKS = YES;
				GCC_OPTIMIZATION_LEVEL = 0;
				GCC_PREPROCESSOR_DEFINITIONS = (
					"DEBUG=1",
					"$(inherited)",
				);
				GCC_WARN_64_TO_32_BIT_CONVERSION = YES;
				GCC_WARN_ABOUT_RETURN_TYPE = YES_ERROR;
				GCC_WARN_UNDECLARED_SELECTOR = YES;
				GCC_WARN_UNINITIALIZED_AUTOS = YES_AGGRESSIVE;
				GCC_WARN_UNUSED_FUNCTION = YES;
				GCC_WARN_UNUSED_VARIABLE = YES;
				IPHONEOS_DEPLOYMENT_TARGET = 16.1;
				MTL_ENABLE_DEBUG_INFO = INCLUDE_SOURCE;
				MTL_FAST_MATH = YES;
				ONLY_ACTIVE_ARCH = YES;
				SDKROOT = iphoneos;
				SWIFT_ACTIVE_COMPILATION_CONDITIONS = DEBUG;
				SWIFT_OPTIMIZATION_LEVEL = "-Onone";
			};
			name = Debug;
		};
		5CD7DE8D293EF6090055DA95 /* Release */ = {
			isa = XCBuildConfiguration;
			buildSettings = {
				ALWAYS_SEARCH_USER_PATHS = NO;
				CLANG_ANALYZER_NONNULL = YES;
				CLANG_ANALYZER_NUMBER_OBJECT_CONVERSION = YES_AGGRESSIVE;
				CLANG_CXX_LANGUAGE_STANDARD = "gnu++20";
				CLANG_ENABLE_MODULES = YES;
				CLANG_ENABLE_OBJC_ARC = YES;
				CLANG_ENABLE_OBJC_WEAK = YES;
				CLANG_WARN_BLOCK_CAPTURE_AUTORELEASING = YES;
				CLANG_WARN_BOOL_CONVERSION = YES;
				CLANG_WARN_COMMA = YES;
				CLANG_WARN_CONSTANT_CONVERSION = YES;
				CLANG_WARN_DEPRECATED_OBJC_IMPLEMENTATIONS = YES;
				CLANG_WARN_DIRECT_OBJC_ISA_USAGE = YES_ERROR;
				CLANG_WARN_DOCUMENTATION_COMMENTS = YES;
				CLANG_WARN_EMPTY_BODY = YES;
				CLANG_WARN_ENUM_CONVERSION = YES;
				CLANG_WARN_INFINITE_RECURSION = YES;
				CLANG_WARN_INT_CONVERSION = YES;
				CLANG_WARN_NON_LITERAL_NULL_CONVERSION = YES;
				CLANG_WARN_OBJC_IMPLICIT_RETAIN_SELF = YES;
				CLANG_WARN_OBJC_LITERAL_CONVERSION = YES;
				CLANG_WARN_OBJC_ROOT_CLASS = YES_ERROR;
				CLANG_WARN_QUOTED_INCLUDE_IN_FRAMEWORK_HEADER = YES;
				CLANG_WARN_RANGE_LOOP_ANALYSIS = YES;
				CLANG_WARN_STRICT_PROTOTYPES = YES;
				CLANG_WARN_SUSPICIOUS_MOVE = YES;
				CLANG_WARN_UNGUARDED_AVAILABILITY = YES_AGGRESSIVE;
				CLANG_WARN_UNREACHABLE_CODE = YES;
				CLANG_WARN__DUPLICATE_METHOD_MATCH = YES;
				COPY_PHASE_STRIP = NO;
				DEBUG_INFORMATION_FORMAT = "dwarf-with-dsym";
				ENABLE_NS_ASSERTIONS = NO;
				ENABLE_STRICT_OBJC_MSGSEND = YES;
				GCC_C_LANGUAGE_STANDARD = gnu11;
				GCC_NO_COMMON_BLOCKS = YES;
				GCC_WARN_64_TO_32_BIT_CONVERSION = YES;
				GCC_WARN_ABOUT_RETURN_TYPE = YES_ERROR;
				GCC_WARN_UNDECLARED_SELECTOR = YES;
				GCC_WARN_UNINITIALIZED_AUTOS = YES_AGGRESSIVE;
				GCC_WARN_UNUSED_FUNCTION = YES;
				GCC_WARN_UNUSED_VARIABLE = YES;
				IPHONEOS_DEPLOYMENT_TARGET = 16.1;
				MTL_ENABLE_DEBUG_INFO = NO;
				MTL_FAST_MATH = YES;
				SDKROOT = iphoneos;
				SWIFT_COMPILATION_MODE = wholemodule;
				SWIFT_OPTIMIZATION_LEVEL = "-O";
				VALIDATE_PRODUCT = YES;
			};
			name = Release;
		};
		5CD7DE8F293EF6090055DA95 /* Debug */ = {
			isa = XCBuildConfiguration;
			buildSettings = {
				ASSETCATALOG_COMPILER_APPICON_NAME = AppIcon;
				ASSETCATALOG_COMPILER_GLOBAL_ACCENT_COLOR_NAME = AccentColor;
				CODE_SIGN_STYLE = Automatic;
				CURRENT_PROJECT_VERSION = 1;
				DEVELOPMENT_TEAM = 98YQ7MXK2M;
				GENERATE_INFOPLIST_FILE = YES;
				INFOPLIST_FILE = "Stocks App Replica with MVP/Info.plist";
				INFOPLIST_KEY_UIApplicationSupportsIndirectInputEvents = YES;
				INFOPLIST_KEY_UILaunchStoryboardName = LaunchScreen;
				INFOPLIST_KEY_UISupportedInterfaceOrientations_iPad = "UIInterfaceOrientationPortrait UIInterfaceOrientationPortraitUpsideDown UIInterfaceOrientationLandscapeLeft UIInterfaceOrientationLandscapeRight";
				INFOPLIST_KEY_UISupportedInterfaceOrientations_iPhone = "UIInterfaceOrientationPortrait UIInterfaceOrientationLandscapeLeft UIInterfaceOrientationLandscapeRight";
				LD_RUNPATH_SEARCH_PATHS = (
					"$(inherited)",
					"@executable_path/Frameworks",
				);
				MARKETING_VERSION = 1.0;
				PRODUCT_BUNDLE_IDENTIFIER = "ArtOz.Stocks-App-Replica-with-MVP";
				PRODUCT_NAME = "$(TARGET_NAME)";
				SWIFT_EMIT_LOC_STRINGS = YES;
				SWIFT_VERSION = 5.0;
				TARGETED_DEVICE_FAMILY = "1,2";
			};
			name = Debug;
		};
		5CD7DE90293EF6090055DA95 /* Release */ = {
			isa = XCBuildConfiguration;
			buildSettings = {
				ASSETCATALOG_COMPILER_APPICON_NAME = AppIcon;
				ASSETCATALOG_COMPILER_GLOBAL_ACCENT_COLOR_NAME = AccentColor;
				CODE_SIGN_STYLE = Automatic;
				CURRENT_PROJECT_VERSION = 1;
				DEVELOPMENT_TEAM = 98YQ7MXK2M;
				GENERATE_INFOPLIST_FILE = YES;
				INFOPLIST_FILE = "Stocks App Replica with MVP/Info.plist";
				INFOPLIST_KEY_UIApplicationSupportsIndirectInputEvents = YES;
				INFOPLIST_KEY_UILaunchStoryboardName = LaunchScreen;
				INFOPLIST_KEY_UISupportedInterfaceOrientations_iPad = "UIInterfaceOrientationPortrait UIInterfaceOrientationPortraitUpsideDown UIInterfaceOrientationLandscapeLeft UIInterfaceOrientationLandscapeRight";
				INFOPLIST_KEY_UISupportedInterfaceOrientations_iPhone = "UIInterfaceOrientationPortrait UIInterfaceOrientationLandscapeLeft UIInterfaceOrientationLandscapeRight";
				LD_RUNPATH_SEARCH_PATHS = (
					"$(inherited)",
					"@executable_path/Frameworks",
				);
				MARKETING_VERSION = 1.0;
				PRODUCT_BUNDLE_IDENTIFIER = "ArtOz.Stocks-App-Replica-with-MVP";
				PRODUCT_NAME = "$(TARGET_NAME)";
				SWIFT_EMIT_LOC_STRINGS = YES;
				SWIFT_VERSION = 5.0;
				TARGETED_DEVICE_FAMILY = "1,2";
			};
			name = Release;
		};
/* End XCBuildConfiguration section */

/* Begin XCConfigurationList section */
		5CD7DE75293EF6070055DA95 /* Build configuration list for PBXProject "Stocks App Replica with MVP" */ = {
			isa = XCConfigurationList;
			buildConfigurations = (
				5CD7DE8C293EF6090055DA95 /* Debug */,
				5CD7DE8D293EF6090055DA95 /* Release */,
			);
			defaultConfigurationIsVisible = 0;
			defaultConfigurationName = Release;
		};
		5CD7DE8E293EF6090055DA95 /* Build configuration list for PBXNativeTarget "Stocks App Replica with MVP" */ = {
			isa = XCConfigurationList;
			buildConfigurations = (
				5CD7DE8F293EF6090055DA95 /* Debug */,
				5CD7DE90293EF6090055DA95 /* Release */,
			);
			defaultConfigurationIsVisible = 0;
			defaultConfigurationName = Release;
		};
/* End XCConfigurationList section */
	};
	rootObject = 5CD7DE72293EF6070055DA95 /* Project object */;
}
